<?xml version="1.0" encoding="utf-8"?>
<Project ToolsVersion="4.0" xmlns="http://schemas.microsoft.com/developer/msbuild/2003">
  <ItemGroup>
    <Filter Include="Source Files">
      <UniqueIdentifier>{4FC737F1-C7A5-4376-A066-2A32D752A2FF}</UniqueIdentifier>
      <Extensions>cpp;c;cc;cxx;c++;def;odl;idl;hpj;bat;asm;asmx</Extensions>
    </Filter>
    <Filter Include="Header Files">
      <UniqueIdentifier>{93995380-89BD-4b04-88EB-625FBE52EBFB}</UniqueIdentifier>
      <Extensions>h;hh;hpp;hxx;h++;hm;inl;inc;ipp;xsd</Extensions>
    </Filter>
    <Filter Include="Resource Files">
      <UniqueIdentifier>{67DA6AB6-F800-4c08-8B7A-83BB121AAD01}</UniqueIdentifier>
      <Extensions>rc;ico;cur;bmp;dlg;rc2;rct;bin;rgs;gif;jpg;jpeg;jpe;resx;tiff;tif;png;wav;mfcribbon-ms</Extensions>
    </Filter>
    <Filter Include="data_structures">
      <UniqueIdentifier>{53d56c2a-5a26-4838-b4fe-a014f7fcf767}</UniqueIdentifier>
    </Filter>
    <Filter Include="Project_Classes">
      <UniqueIdentifier>{c5aa4fec-960b-4277-b204-75825b84ca25}</UniqueIdentifier>
    </Filter>
    <Filter Include="UI_Class">
      <UniqueIdentifier>{1672ac41-a5af-47ed-9e02-13ae2d1b6428}</UniqueIdentifier>
    </Filter>
    <Filter Include="Mars_Station">
      <UniqueIdentifier>{3b06dc2d-6beb-43c8-8d2a-06a9f0fc3d7d}</UniqueIdentifier>
    </Filter>
  </ItemGroup>
  <ItemGroup>
    <ClCompile Include="Rovers.cpp">
      <Filter>Project_Classes</Filter>
    </ClCompile>
    <ClCompile Include="UI_Class.cpp">
      <Filter>UI_Class</Filter>
    </ClCompile>
    <ClCompile Include="Mars_Station.cpp">
      <Filter>Mars_Station</Filter>
    </ClCompile>
    <ClCompile Include="LinkedList.cpp">
      <Filter>data_structures</Filter>
    </ClCompile>
    <ClCompile Include="LinkedQueue.cpp">
      <Filter>data_structures</Filter>
    </ClCompile>
    <ClCompile Include="Mission.cpp">
      <Filter>Project_Classes</Filter>
    </ClCompile>
    <ClCompile Include="Event.cpp">
      <Filter>Source Files</Filter>
    </ClCompile>
    <ClCompile Include="formulationEvent.cpp">
      <Filter>Source Files</Filter>
    </ClCompile>
    <ClCompile Include="Node_Q.cpp">
      <Filter>data_structures</Filter>
    </ClCompile>
    <ClCompile Include="Node.cpp">
      <Filter>data_structures</Filter>
    </ClCompile>
  </ItemGroup>
  <ItemGroup>
    <ClInclude Include="Rovers.h">
      <Filter>Project_Classes</Filter>
    </ClInclude>
    <ClInclude Include="UI_Class.h">
      <Filter>UI_Class</Filter>
    </ClInclude>
    <ClInclude Include="Mars_Station.h">
      <Filter>Mars_Station</Filter>
    </ClInclude>
    <ClInclude Include="LinkedList.h">
      <Filter>data_structures</Filter>
    </ClInclude>
    <ClInclude Include="LinkedQueue.h">
      <Filter>data_structures</Filter>
    </ClInclude>
    <ClInclude Include="Mission.h">
      <Filter>Project_Classes</Filter>
    </ClInclude>
    <ClInclude Include="Event.h">
      <Filter>Header Files</Filter>
    </ClInclude>
    <ClInclude Include="formulationEvent.h">
      <Filter>Header Files</Filter>
    </ClInclude>
    <ClInclude Include="Node_Q.h">
      <Filter>data_structures</Filter>
    </ClInclude>
    <ClInclude Include="Node.h">
      <Filter>data_structures</Filter>
    </ClInclude>
  </ItemGroup>
</Project>